// !$*UTF8*$!
{
	archiveVersion = 1;
	classes = {
	};
	objectVersion = 56;
	objects = {

/* Begin PBXBuildFile section */
		BEE8809729B7C1B7004F89AC /* ResourcePath.mm in Sources */ = {isa = PBXBuildFile; fileRef = BEE8809629B7C1B7004F89AC /* ResourcePath.mm */; };
		BEE8809A29B7C1B7004F89AC /* main.cpp in Sources */ = {isa = PBXBuildFile; fileRef = BEE8809929B7C1B7004F89AC /* main.cpp */; };
		BEE8809D29B7C1B7004F89AC /* cute_image.jpg in Resources */ = {isa = PBXBuildFile; fileRef = BEE8809C29B7C1B7004F89AC /* cute_image.jpg */; };
		BEE8809F29B7C1B7004F89AC /* nice_music.ogg in Resources */ = {isa = PBXBuildFile; fileRef = BEE8809E29B7C1B7004F89AC /* nice_music.ogg */; };
		BEE880A129B7C1B7004F89AC /* sansation.ttf in Resources */ = {isa = PBXBuildFile; fileRef = BEE880A029B7C1B7004F89AC /* sansation.ttf */; };
		BEE880A329B7C1B7004F89AC /* icon.png in Resources */ = {isa = PBXBuildFile; fileRef = BEE880A229B7C1B7004F89AC /* icon.png */; };
/* End PBXBuildFile section */

/* Begin PBXFileReference section */
		BEE8809129B7C1B7004F89AC /* SP-Project-2023.app */ = {isa = PBXFileReference; explicitFileType = wrapper.application; includeInIndex = 0; path = "SP-Project-2023.app"; sourceTree = BUILT_PRODUCTS_DIR; };
		BEE8809529B7C1B7004F89AC /* SP-Project-2023-Info.plist */ = {isa = PBXFileReference; lastKnownFileType = text.plist.xml; name = "SP-Project-2023-Info.plist"; path = "../SP-Project-2023-Info.plist"; sourceTree = "<group>"; };
		BEE8809629B7C1B7004F89AC /* ResourcePath.mm */ = {isa = PBXFileReference; lastKnownFileType = sourcecode.cpp.objcpp; path = ResourcePath.mm; sourceTree = "<group>"; };
		BEE8809829B7C1B7004F89AC /* ResourcePath.hpp */ = {isa = PBXFileReference; lastKnownFileType = sourcecode.cpp.h; path = ResourcePath.hpp; sourceTree = "<group>"; };
		BEE8809929B7C1B7004F89AC /* main.cpp */ = {isa = PBXFileReference; lastKnownFileType = sourcecode.cpp.cpp; path = main.cpp; sourceTree = "<group>"; };
		BEE8809C29B7C1B7004F89AC /* cute_image.jpg */ = {isa = PBXFileReference; lastKnownFileType = image.jpeg; name = cute_image.jpg; path = ../cute_image.jpg; sourceTree = "<group>"; };
		BEE8809E29B7C1B7004F89AC /* nice_music.ogg */ = {isa = PBXFileReference; lastKnownFileType = file; name = nice_music.ogg; path = ../nice_music.ogg; sourceTree = "<group>"; };
		BEE880A029B7C1B7004F89AC /* sansation.ttf */ = {isa = PBXFileReference; lastKnownFileType = file; name = sansation.ttf; path = ../sansation.ttf; sourceTree = "<group>"; };
		BEE880A229B7C1B7004F89AC /* icon.png */ = {isa = PBXFileReference; lastKnownFileType = image.png; name = icon.png; path = ../icon.png; sourceTree = "<group>"; };
/* End PBXFileReference section */

/* Begin PBXFrameworksBuildPhase section */
		BEE8808D29B7C1B7004F89AC /* Frameworks */ = {
			isa = PBXFrameworksBuildPhase;
			buildActionMask = 2147483647;
			files = (
			);
			runOnlyForDeploymentPostprocessing = 0;
		};
/* End PBXFrameworksBuildPhase section */

/* Begin PBXGroup section */
		BEE8808729B7C1B6004F89AC = {
			isa = PBXGroup;
			children = (
				BEE8809329B7C1B7004F89AC /* SP-Project-2023 */,
				BEE8809229B7C1B7004F89AC /* Products */,
			);
			sourceTree = "<group>";
		};
		BEE8809229B7C1B7004F89AC /* Products */ = {
			isa = PBXGroup;
			children = (
				BEE8809129B7C1B7004F89AC /* SP-Project-2023.app */,
			);
			name = Products;
			sourceTree = "<group>";
		};
		BEE8809329B7C1B7004F89AC /* SP-Project-2023 */ = {
			isa = PBXGroup;
			children = (
				BEE8809629B7C1B7004F89AC /* ResourcePath.mm */,
				BEE8809829B7C1B7004F89AC /* ResourcePath.hpp */,
				BEE8809929B7C1B7004F89AC /* main.cpp */,
				BEE8809B29B7C1B7004F89AC /* Resources */,
				BEE8809429B7C1B7004F89AC /* Supporting Files */,
			);
			path = "SP-Project-2023";
			sourceTree = "<group>";
		};
		BEE8809429B7C1B7004F89AC /* Supporting Files */ = {
			isa = PBXGroup;
			children = (
				BEE8809529B7C1B7004F89AC /* SP-Project-2023-Info.plist */,
			);
			path = "Supporting Files";
			sourceTree = "<group>";
		};
		BEE8809B29B7C1B7004F89AC /* Resources */ = {
			isa = PBXGroup;
			children = (
				BEE8809C29B7C1B7004F89AC /* cute_image.jpg */,
				BEE8809E29B7C1B7004F89AC /* nice_music.ogg */,
				BEE880A029B7C1B7004F89AC /* sansation.ttf */,
				BEE880A229B7C1B7004F89AC /* icon.png */,
			);
			path = Resources;
			sourceTree = "<group>";
		};
/* End PBXGroup section */

/* Begin PBXNativeTarget section */
		BEE8809029B7C1B7004F89AC /* SP-Project-2023 */ = {
			isa = PBXNativeTarget;
			buildConfigurationList = BEE880A629B7C1B7004F89AC /* Build configuration list for PBXNativeTarget "SP-Project-2023" */;
			buildPhases = (
				BEE8808C29B7C1B7004F89AC /* Sources */,
				BEE8808D29B7C1B7004F89AC /* Frameworks */,
				BEE8808E29B7C1B7004F89AC /* Resources */,
				BEE8808F29B7C1B7004F89AC /* ShellScript */,
			);
			buildRules = (
			);
			dependencies = (
			);
			name = "SP-Project-2023";
			productName = "SP-Project-2023";
			productReference = BEE8809129B7C1B7004F89AC /* SP-Project-2023.app */;
			productType = "com.apple.product-type.application";
		};
/* End PBXNativeTarget section */

/* Begin PBXProject section */
		BEE8808829B7C1B6004F89AC /* Project object */ = {
			isa = PBXProject;
			attributes = {
				BuildIndependentTargetsInParallel = 1;
				LastUpgradeCheck = 1420;
				ORGANIZATIONNAME = "ASU-shabab";
				TargetAttributes = {
					BEE8809029B7C1B7004F89AC = {
						CreatedOnToolsVersion = 14.2;
					};
				};
			};
			buildConfigurationList = BEE8808B29B7C1B6004F89AC /* Build configuration list for PBXProject "SP-Project-2023" */;
			compatibilityVersion = "Xcode 14.0";
			developmentRegion = en;
			hasScannedForEncodings = 0;
			knownRegions = (
				en,
				Base,
			);
			mainGroup = BEE8808729B7C1B6004F89AC;
			productRefGroup = BEE8809229B7C1B7004F89AC /* Products */;
			projectDirPath = "";
			projectRoot = "";
			targets = (
				BEE8809029B7C1B7004F89AC /* SP-Project-2023 */,
			);
		};
/* End PBXProject section */

/* Begin PBXResourcesBuildPhase section */
		BEE8808E29B7C1B7004F89AC /* Resources */ = {
			isa = PBXResourcesBuildPhase;
			buildActionMask = 2147483647;
			files = (
				BEE880A329B7C1B7004F89AC /* icon.png in Resources */,
				BEE880A129B7C1B7004F89AC /* sansation.ttf in Resources */,
				BEE8809F29B7C1B7004F89AC /* nice_music.ogg in Resources */,
				BEE8809D29B7C1B7004F89AC /* cute_image.jpg in Resources */,
			);
			runOnlyForDeploymentPostprocessing = 0;
		};
/* End PBXResourcesBuildPhase section */

/* Begin PBXShellScriptBuildPhase section */
		BEE8808F29B7C1B7004F89AC /* ShellScript */ = {
			isa = PBXShellScriptBuildPhase;
			buildActionMask = 2147483647;
			files = (
			);
			inputFileListPaths = (
			);
			inputPaths = (
			);
			outputFileListPaths = (
			);
			outputPaths = (
			);
			runOnlyForDeploymentPostprocessing = 0;
			shellPath = /bin/sh;
			shellScript = "# This shell script simply copies required SFML dylibs/frameworks into the application bundle frameworks folder.\n# If you're using static libraries (which is not recommended) you should remove this script from your project.\n\n# SETTINGS\nSFML_DEPENDENCIES_INSTALL_PREFIX=\"/Users/SFML/Desktop/packaging/tmp/install/Library/Frameworks\"\nCMAKE_INSTALL_FRAMEWORK_PREFIX=\"/Users/SFML/Desktop/packaging/tmp/install/Library/Frameworks\"\nCMAKE_INSTALL_LIB_PREFIX=\"/Users/SFML/Desktop/packaging/tmp/install/Library/Frameworks/lib\"\nFRAMEWORKS_FULL_PATH=\"$BUILT_PRODUCTS_DIR/$FRAMEWORKS_FOLDER_PATH/\"\n\n# Are we building a project that uses frameworks or dylibs?\ncase \"$SFML_BINARY_TYPE\" in\n    DYLIBS)\n        frameworks=\"false\"\n        ;;\n    *)\n        frameworks=\"true\"\n        ;;\nesac\n\n# Echoes to stderr\nerror () # $* message to display\n{\n    echo $* 1>&2\n    exit 2\n}\n\nassert () # $1 is a boolean, $2...N is an error message\n{\n    if [ $# -lt 2 ]\n    then\n        error \"Internal error in assert: not enough args\"\n    fi\n\n    if [ $1 -ne 0 ]\n    then\n        shift\n        error \"$*\"\n    fi\n}\n\nforce_remove () # $@ is some paths\n{\n    test $# -ge 1\n    assert $? \"force_remove() requires at least one parameter\"\n    rm -fr $@\n    assert $? \"couldn't remove $@\"\n}\n\ncopy () # $1 is a source, $2 is a destination\n{\n    test $# -eq 2\n    assert $? \"copy() requires two parameters\"\n    ditto \"$1\" \"$2\"\n    assert $? \"couldn't copy $1 to $2\"\n}\n\nrequire () # $1 is a SFML module like 'system' or 'audio'\n{\n    dest=\"$BUILT_PRODUCTS_DIR/$FRAMEWORKS_FOLDER_PATH/\"\n\n    if [ -z \"$1\" ]\n    then\n        error \"require() requires one parameter!\"\n    else\n        # clean potentially old stuff\n        force_remove \"$dest/libsfml-$1\"*\n        force_remove \"$dest/sfml-$1.framework\"\n\n        # copy SFML libraries\n        if [ \"$frameworks\" = \"true\" ]\n        then\n            source=\"$CMAKE_INSTALL_FRAMEWORK_PREFIX/sfml-$1.framework\"\n            target=\"sfml-$1.framework\"\n        elif [ \"$SFML_LINK_DYLIBS_SUFFIX\" = \"-d\" ]\n        then\n            source=\"$CMAKE_INSTALL_LIB_PREFIX/libsfml-$1-d.dylib\"\n            target=\"`readlink $source`\"\n        else\n            source=\"$CMAKE_INSTALL_LIB_PREFIX/libsfml-$1.dylib\"\n            target=\"`readlink $source`\"\n        fi\n\n        copy \"$source\" \"$dest/$target\"\n\n        # copy extra dependencies\n        if [ \"$1\" = \"audio\" ]\n        then\n            # copy \"FLAC\" \"ogg\" \"vorbis\" \"vorbisenc\" \"vorbisfile\" \"OpenAL\" frameworks too\n            for f in \"FLAC\" \"ogg\" \"vorbis\" \"vorbisenc\" \"vorbisfile\" \"OpenAL\"\n            do\n                copy \"$SFML_DEPENDENCIES_INSTALL_PREFIX/$f.framework\" \"$dest/$f.framework\"\n            done\n        elif [ \"$1\" = \"graphics\" ]\n        then\n            copy \"$SFML_DEPENDENCIES_INSTALL_PREFIX/freetype.framework\" \"$dest/freetype.framework\"\n        fi\n    fi\n}\n\nif [ -n \"$SFML_SYSTEM\" ]\nthen\n    require \"system\"\nfi\n\nif [ -n \"$SFML_AUDIO\" ]\nthen\n    require \"audio\"\nfi\n\nif [ -n \"$SFML_NETWORK\" ]\nthen\n    require \"network\"\nfi\n\nif [ -n \"$SFML_WINDOW\" ]\nthen\n    require \"window\"\nfi\n\nif [ -n \"$SFML_GRAPHICS\" ]\nthen\n    require \"graphics\"\nfi\n\n                ";
		};
/* End PBXShellScriptBuildPhase section */

/* Begin PBXSourcesBuildPhase section */
		BEE8808C29B7C1B7004F89AC /* Sources */ = {
			isa = PBXSourcesBuildPhase;
			buildActionMask = 2147483647;
			files = (
				BEE8809A29B7C1B7004F89AC /* main.cpp in Sources */,
				BEE8809729B7C1B7004F89AC /* ResourcePath.mm in Sources */,
			);
			runOnlyForDeploymentPostprocessing = 0;
		};
/* End PBXSourcesBuildPhase section */

/* Begin XCBuildConfiguration section */
		BEE880A429B7C1B7004F89AC /* Debug */ = {
			isa = XCBuildConfiguration;
			buildSettings = {
				ARCHS = "$(NATIVE_ARCH_ACTUAL)";
				CLANG_CXX_LANGUAGE_STANDARD = "c++11";
				CLANG_CXX_LIBRARY = "libc++";
				FRAMEWORK_SEARCH_PATHS = (
					/Library/Frameworks/,
					"$(inherited)",
				);
				GCC_VERSION = com.apple.compilers.llvm.clang.1_0;
				HEADER_SEARCH_PATHS = (
					/usr/local/include/,
					"$(inherited)",
				);
				LIBRARY_SEARCH_PATHS = (
					/usr/local/lib/,
					"$(inherited)",
				);
				MACOSX_DEPLOYMENT_TARGET = 10.7;
				OTHER_LDFLAGS = (
					"$(inherited)",
					"$(SFML_SYSTEM)",
					"$(SFML_WINDOW)",
					"$(SFML_GRAPHICS)",
					"$(SFML_AUDIO)",
					"$(SFML_NETWORK)",
				);
				SFML_AUDIO = "$(SFML_LINK_PREFIX) sfml-audio$(SFML_LINK_SUFFIX)";
				SFML_BINARY_TYPE = FRAMEWORKS;
				SFML_GRAPHICS = "$(SFML_LINK_PREFIX) sfml-graphics$(SFML_LINK_SUFFIX)";
				SFML_LINK_DYLIBS_PREFIX = "-l";
				SFML_LINK_DYLIBS_SUFFIX = "";
				SFML_LINK_FRAMEWORKS_PREFIX = "-framework";
				SFML_LINK_FRAMEWORKS_SUFFIX = "";
				SFML_LINK_PREFIX = "$(SFML_LINK_$(SFML_BINARY_TYPE)_PREFIX)";
				SFML_LINK_SUFFIX = "$(SFML_LINK_$(SFML_BINARY_TYPE)_SUFFIX)";
				SFML_NETWORK = "$(SFML_LINK_PREFIX) sfml-network$(SFML_LINK_SUFFIX)";
				SFML_SYSTEM = "$(SFML_LINK_PREFIX) sfml-system$(SFML_LINK_SUFFIX)";
				SFML_WINDOW = "$(SFML_LINK_PREFIX) sfml-window$(SFML_LINK_SUFFIX)";
				SUPPORTED_PLATFORMS = macosx;
			};
			name = Debug;
		};
		BEE880A529B7C1B7004F89AC /* Release */ = {
			isa = XCBuildConfiguration;
			buildSettings = {
				ARCHS = "$(NATIVE_ARCH_ACTUAL)";
				CLANG_CXX_LANGUAGE_STANDARD = "c++11";
				CLANG_CXX_LIBRARY = "libc++";
				FRAMEWORK_SEARCH_PATHS = (
					/Library/Frameworks/,
					"$(inherited)",
				);
				GCC_VERSION = com.apple.compilers.llvm.clang.1_0;
				HEADER_SEARCH_PATHS = (
					/usr/local/include/,
					"$(inherited)",
				);
				LIBRARY_SEARCH_PATHS = (
					/usr/local/lib/,
					"$(inherited)",
				);
				MACOSX_DEPLOYMENT_TARGET = 10.7;
				OTHER_LDFLAGS = (
					"$(inherited)",
					"$(SFML_SYSTEM)",
					"$(SFML_WINDOW)",
					"$(SFML_GRAPHICS)",
					"$(SFML_AUDIO)",
					"$(SFML_NETWORK)",
				);
				SFML_AUDIO = "$(SFML_LINK_PREFIX) sfml-audio$(SFML_LINK_SUFFIX)";
				SFML_BINARY_TYPE = FRAMEWORKS;
				SFML_GRAPHICS = "$(SFML_LINK_PREFIX) sfml-graphics$(SFML_LINK_SUFFIX)";
				SFML_LINK_DYLIBS_PREFIX = "-l";
				SFML_LINK_DYLIBS_SUFFIX = "";
				SFML_LINK_FRAMEWORKS_PREFIX = "-framework";
				SFML_LINK_FRAMEWORKS_SUFFIX = "";
				SFML_LINK_PREFIX = "$(SFML_LINK_$(SFML_BINARY_TYPE)_PREFIX)";
				SFML_LINK_SUFFIX = "$(SFML_LINK_$(SFML_BINARY_TYPE)_SUFFIX)";
				SFML_NETWORK = "$(SFML_LINK_PREFIX) sfml-network$(SFML_LINK_SUFFIX)";
				SFML_SYSTEM = "$(SFML_LINK_PREFIX) sfml-system$(SFML_LINK_SUFFIX)";
				SFML_WINDOW = "$(SFML_LINK_PREFIX) sfml-window$(SFML_LINK_SUFFIX)";
				SUPPORTED_PLATFORMS = macosx;
			};
			name = Release;
		};
		BEE880A729B7C1B7004F89AC /* Debug */ = {
			isa = XCBuildConfiguration;
			buildSettings = {
				CODE_SIGN_STYLE = Automatic;
				INFOPLIST_FILE = "SP-Project-2023/SP-Project-2023-Info.plist";
				LD_RUNPATH_SEARCH_PATHS = "@loader_path/../Frameworks";
				PRODUCT_NAME = "$(TARGET_NAME)";
			};
			name = Debug;
		};
		BEE880A829B7C1B7004F89AC /* Release */ = {
			isa = XCBuildConfiguration;
			buildSettings = {
				CODE_SIGN_STYLE = Automatic;
				INFOPLIST_FILE = "SP-Project-2023/SP-Project-2023-Info.plist";
				LD_RUNPATH_SEARCH_PATHS = "@loader_path/../Frameworks";
				PRODUCT_NAME = "$(TARGET_NAME)";
			};
			name = Release;
		};
/* End XCBuildConfiguration section */

/* Begin XCConfigurationList section */
		BEE8808B29B7C1B6004F89AC /* Build configuration list for PBXProject "SP-Project-2023" */ = {
			isa = XCConfigurationList;
			buildConfigurations = (
				BEE880A429B7C1B7004F89AC /* Debug */,
				BEE880A529B7C1B7004F89AC /* Release */,
			);
			defaultConfigurationIsVisible = 0;
			defaultConfigurationName = Release;
		};
		BEE880A629B7C1B7004F89AC /* Build configuration list for PBXNativeTarget "SP-Project-2023" */ = {
			isa = XCConfigurationList;
			buildConfigurations = (
				BEE880A729B7C1B7004F89AC /* Debug */,
				BEE880A829B7C1B7004F89AC /* Release */,
			);
			defaultConfigurationIsVisible = 0;
			defaultConfigurationName = Release;
		};
/* End XCConfigurationList section */
	};
	rootObject = BEE8808829B7C1B6004F89AC /* Project object */;
}
